// !$*UTF8*$!
{
	archiveVersion = 1;
	classes = {
	};
	objectVersion = 50;
	objects = {

/* Begin PBXBuildFile section */
		49EB9E2220AAC3BB002EABD6 /* AppDelegate.m in Sources */ = {isa = PBXBuildFile; fileRef = 49EB9E2120AAC3BB002EABD6 /* AppDelegate.m */; };
		49EB9E2520AAC3BB002EABD6 /* ViewController.m in Sources */ = {isa = PBXBuildFile; fileRef = 49EB9E2420AAC3BB002EABD6 /* ViewController.m */; };
		49EB9E2820AAC3BB002EABD6 /* Main.storyboard in Resources */ = {isa = PBXBuildFile; fileRef = 49EB9E2620AAC3BB002EABD6 /* Main.storyboard */; };
		49EB9E2A20AAC3BC002EABD6 /* Assets.xcassets in Resources */ = {isa = PBXBuildFile; fileRef = 49EB9E2920AAC3BC002EABD6 /* Assets.xcassets */; };
		49EB9E2D20AAC3BC002EABD6 /* LaunchScreen.storyboard in Resources */ = {isa = PBXBuildFile; fileRef = 49EB9E2B20AAC3BC002EABD6 /* LaunchScreen.storyboard */; };
		49EB9E3020AAC3BC002EABD6 /* main.m in Sources */ = {isa = PBXBuildFile; fileRef = 49EB9E2F20AAC3BC002EABD6 /* main.m */; };
		49EB9E3A20AAC3BC002EABD6 /* LZScannerTests.m in Sources */ = {isa = PBXBuildFile; fileRef = 49EB9E3920AAC3BC002EABD6 /* LZScannerTests.m */; };
		49EB9E4520AAC3BC002EABD6 /* LZScannerUITests.m in Sources */ = {isa = PBXBuildFile; fileRef = 49EB9E4420AAC3BC002EABD6 /* LZScannerUITests.m */; };
		49EB9E5520AAC406002EABD6 /* CustomViewController.m in Sources */ = {isa = PBXBuildFile; fileRef = 49EB9E5420AAC406002EABD6 /* CustomViewController.m */; };
/* End PBXBuildFile section */

/* Begin PBXContainerItemProxy section */
		49EB9E3620AAC3BC002EABD6 /* PBXContainerItemProxy */ = {
			isa = PBXContainerItemProxy;
			containerPortal = 49EB9E1520AAC3BB002EABD6 /* Project object */;
			proxyType = 1;
			remoteGlobalIDString = 49EB9E1C20AAC3BB002EABD6;
			remoteInfo = LZScanner;
		};
		49EB9E4120AAC3BC002EABD6 /* PBXContainerItemProxy */ = {
			isa = PBXContainerItemProxy;
			containerPortal = 49EB9E1520AAC3BB002EABD6 /* Project object */;
			proxyType = 1;
			remoteGlobalIDString = 49EB9E1C20AAC3BB002EABD6;
			remoteInfo = LZScanner;
		};
/* End PBXContainerItemProxy section */

/* Begin PBXFileReference section */
		49EB9E1D20AAC3BB002EABD6 /* LZScanner.app */ = {isa = PBXFileReference; explicitFileType = wrapper.application; includeInIndex = 0; path = LZScanner.app; sourceTree = BUILT_PRODUCTS_DIR; };
		49EB9E2020AAC3BB002EABD6 /* AppDelegate.h */ = {isa = PBXFileReference; lastKnownFileType = sourcecode.c.h; path = AppDelegate.h; sourceTree = "<group>"; };
		49EB9E2120AAC3BB002EABD6 /* AppDelegate.m */ = {isa = PBXFileReference; lastKnownFileType = sourcecode.c.objc; path = AppDelegate.m; sourceTree = "<group>"; };
		49EB9E2320AAC3BB002EABD6 /* ViewController.h */ = {isa = PBXFileReference; lastKnownFileType = sourcecode.c.h; path = ViewController.h; sourceTree = "<group>"; };
		49EB9E2420AAC3BB002EABD6 /* ViewController.m */ = {isa = PBXFileReference; lastKnownFileType = sourcecode.c.objc; path = ViewController.m; sourceTree = "<group>"; };
		49EB9E2720AAC3BB002EABD6 /* Base */ = {isa = PBXFileReference; lastKnownFileType = file.storyboard; name = Base; path = Base.lproj/Main.storyboard; sourceTree = "<group>"; };
		49EB9E2920AAC3BC002EABD6 /* Assets.xcassets */ = {isa = PBXFileReference; lastKnownFileType = folder.assetcatalog; path = Assets.xcassets; sourceTree = "<group>"; };
		49EB9E2C20AAC3BC002EABD6 /* Base */ = {isa = PBXFileReference; lastKnownFileType = file.storyboard; name = Base; path = Base.lproj/LaunchScreen.storyboard; sourceTree = "<group>"; };
		49EB9E2E20AAC3BC002EABD6 /* Info.plist */ = {isa = PBXFileReference; lastKnownFileType = text.plist.xml; path = Info.plist; sourceTree = "<group>"; };
		49EB9E2F20AAC3BC002EABD6 /* main.m */ = {isa = PBXFileReference; lastKnownFileType = sourcecode.c.objc; path = main.m; sourceTree = "<group>"; };
		49EB9E3520AAC3BC002EABD6 /* LZScannerTests.xctest */ = {isa = PBXFileReference; explicitFileType = wrapper.cfbundle; includeInIndex = 0; path = LZScannerTests.xctest; sourceTree = BUILT_PRODUCTS_DIR; };
		49EB9E3920AAC3BC002EABD6 /* LZScannerTests.m */ = {isa = PBXFileReference; lastKnownFileType = sourcecode.c.objc; path = LZScannerTests.m; sourceTree = "<group>"; };
		49EB9E3B20AAC3BC002EABD6 /* Info.plist */ = {isa = PBXFileReference; lastKnownFileType = text.plist.xml; path = Info.plist; sourceTree = "<group>"; };
		49EB9E4020AAC3BC002EABD6 /* LZScannerUITests.xctest */ = {isa = PBXFileReference; explicitFileType = wrapper.cfbundle; includeInIndex = 0; path = LZScannerUITests.xctest; sourceTree = BUILT_PRODUCTS_DIR; };
		49EB9E4420AAC3BC002EABD6 /* LZScannerUITests.m */ = {isa = PBXFileReference; lastKnownFileType = sourcecode.c.objc; path = LZScannerUITests.m; sourceTree = "<group>"; };
		49EB9E4620AAC3BC002EABD6 /* Info.plist */ = {isa = PBXFileReference; lastKnownFileType = text.plist.xml; path = Info.plist; sourceTree = "<group>"; };
		49EB9E5320AAC406002EABD6 /* CustomViewController.h */ = {isa = PBXFileReference; lastKnownFileType = sourcecode.c.h; path = CustomViewController.h; sourceTree = "<group>"; };
		49EB9E5420AAC406002EABD6 /* CustomViewController.m */ = {isa = PBXFileReference; lastKnownFileType = sourcecode.c.objc; path = CustomViewController.m; sourceTree = "<group>"; };
/* End PBXFileReference section */

/* Begin PBXFrameworksBuildPhase section */
		49EB9E1A20AAC3BB002EABD6 /* Frameworks */ = {
			isa = PBXFrameworksBuildPhase;
			buildActionMask = 2147483647;
			files = (
			);
			runOnlyForDeploymentPostprocessing = 0;
		};
		49EB9E3220AAC3BC002EABD6 /* Frameworks */ = {
			isa = PBXFrameworksBuildPhase;
			buildActionMask = 2147483647;
			files = (
			);
			runOnlyForDeploymentPostprocessing = 0;
		};
		49EB9E3D20AAC3BC002EABD6 /* Frameworks */ = {
			isa = PBXFrameworksBuildPhase;
			buildActionMask = 2147483647;
			files = (
			);
			runOnlyForDeploymentPostprocessing = 0;
		};
/* End PBXFrameworksBuildPhase section */

/* Begin PBXGroup section */
		49EB9E1420AAC3BB002EABD6 = {
			isa = PBXGroup;
			children = (
				49EB9E1F20AAC3BB002EABD6 /* LZScanner */,
				49EB9E3820AAC3BC002EABD6 /* LZScannerTests */,
				49EB9E4320AAC3BC002EABD6 /* LZScannerUITests */,
				49EB9E1E20AAC3BB002EABD6 /* Products */,
			);
			sourceTree = "<group>";
		};
		49EB9E1E20AAC3BB002EABD6 /* Products */ = {
			isa = PBXGroup;
			children = (
				49EB9E1D20AAC3BB002EABD6 /* LZScanner.app */,
				49EB9E3520AAC3BC002EABD6 /* LZScannerTests.xctest */,
				49EB9E4020AAC3BC002EABD6 /* LZScannerUITests.xctest */,
			);
			name = Products;
			sourceTree = "<group>";
		};
		49EB9E1F20AAC3BB002EABD6 /* LZScanner */ = {
			isa = PBXGroup;
			children = (
				49EB9E5220AAC3FA002EABD6 /* LZScaner */,
				49EB9E2020AAC3BB002EABD6 /* AppDelegate.h */,
				49EB9E2120AAC3BB002EABD6 /* AppDelegate.m */,
				49EB9E2320AAC3BB002EABD6 /* ViewController.h */,
				49EB9E2420AAC3BB002EABD6 /* ViewController.m */,
				49EB9E2620AAC3BB002EABD6 /* Main.storyboard */,
				49EB9E2920AAC3BC002EABD6 /* Assets.xcassets */,
				49EB9E2B20AAC3BC002EABD6 /* LaunchScreen.storyboard */,
				49EB9E2E20AAC3BC002EABD6 /* Info.plist */,
				49EB9E2F20AAC3BC002EABD6 /* main.m */,
			);
			path = LZScanner;
			sourceTree = "<group>";
		};
		49EB9E3820AAC3BC002EABD6 /* LZScannerTests */ = {
			isa = PBXGroup;
			children = (
				49EB9E3920AAC3BC002EABD6 /* LZScannerTests.m */,
				49EB9E3B20AAC3BC002EABD6 /* Info.plist */,
			);
			path = LZScannerTests;
			sourceTree = "<group>";
		};
		49EB9E4320AAC3BC002EABD6 /* LZScannerUITests */ = {
			isa = PBXGroup;
			children = (
				49EB9E4420AAC3BC002EABD6 /* LZScannerUITests.m */,
				49EB9E4620AAC3BC002EABD6 /* Info.plist */,
			);
			path = LZScannerUITests;
			sourceTree = "<group>";
		};
		49EB9E5220AAC3FA002EABD6 /* LZScaner */ = {
			isa = PBXGroup;
			children = (
				49EB9E5320AAC406002EABD6 /* CustomViewController.h */,
				49EB9E5420AAC406002EABD6 /* CustomViewController.m */,
			);
			name = LZScaner;
			path = ../../LZScaner;
			sourceTree = "<group>";
		};
/* End PBXGroup section */

/* Begin PBXNativeTarget section */
		49EB9E1C20AAC3BB002EABD6 /* LZScanner */ = {
			isa = PBXNativeTarget;
			buildConfigurationList = 49EB9E4920AAC3BC002EABD6 /* Build configuration list for PBXNativeTarget "LZScanner" */;
			buildPhases = (
				49EB9E1920AAC3BB002EABD6 /* Sources */,
				49EB9E1A20AAC3BB002EABD6 /* Frameworks */,
				49EB9E1B20AAC3BB002EABD6 /* Resources */,
			);
			buildRules = (
			);
			dependencies = (
			);
			name = LZScanner;
			productName = LZScanner;
			productReference = 49EB9E1D20AAC3BB002EABD6 /* LZScanner.app */;
			productType = "com.apple.product-type.application";
		};
		49EB9E3420AAC3BC002EABD6 /* LZScannerTests */ = {
			isa = PBXNativeTarget;
			buildConfigurationList = 49EB9E4C20AAC3BC002EABD6 /* Build configuration list for PBXNativeTarget "LZScannerTests" */;
			buildPhases = (
				49EB9E3120AAC3BC002EABD6 /* Sources */,
				49EB9E3220AAC3BC002EABD6 /* Frameworks */,
				49EB9E3320AAC3BC002EABD6 /* Resources */,
			);
			buildRules = (
			);
			dependencies = (
				49EB9E3720AAC3BC002EABD6 /* PBXTargetDependency */,
			);
			name = LZScannerTests;
			productName = LZScannerTests;
			productReference = 49EB9E3520AAC3BC002EABD6 /* LZScannerTests.xctest */;
			productType = "com.apple.product-type.bundle.unit-test";
		};
		49EB9E3F20AAC3BC002EABD6 /* LZScannerUITests */ = {
			isa = PBXNativeTarget;
			buildConfigurationList = 49EB9E4F20AAC3BC002EABD6 /* Build configuration list for PBXNativeTarget "LZScannerUITests" */;
			buildPhases = (
				49EB9E3C20AAC3BC002EABD6 /* Sources */,
				49EB9E3D20AAC3BC002EABD6 /* Frameworks */,
				49EB9E3E20AAC3BC002EABD6 /* Resources */,
			);
			buildRules = (
			);
			dependencies = (
				49EB9E4220AAC3BC002EABD6 /* PBXTargetDependency */,
			);
			name = LZScannerUITests;
			productName = LZScannerUITests;
			productReference = 49EB9E4020AAC3BC002EABD6 /* LZScannerUITests.xctest */;
			productType = "com.apple.product-type.bundle.ui-testing";
		};
/* End PBXNativeTarget section */

/* Begin PBXProject section */
		49EB9E1520AAC3BB002EABD6 /* Project object */ = {
			isa = PBXProject;
			attributes = {
				LastUpgradeCheck = 0930;
				ORGANIZATIONNAME = liuqing;
				TargetAttributes = {
					49EB9E1C20AAC3BB002EABD6 = {
						CreatedOnToolsVersion = 9.3;
					};
					49EB9E3420AAC3BC002EABD6 = {
						CreatedOnToolsVersion = 9.3;
						TestTargetID = 49EB9E1C20AAC3BB002EABD6;
					};
					49EB9E3F20AAC3BC002EABD6 = {
						CreatedOnToolsVersion = 9.3;
						TestTargetID = 49EB9E1C20AAC3BB002EABD6;
					};
				};
			};
			buildConfigurationList = 49EB9E1820AAC3BB002EABD6 /* Build configuration list for PBXProject "LZScanner" */;
			compatibilityVersion = "Xcode 9.3";
			developmentRegion = en;
			hasScannedForEncodings = 0;
			knownRegions = (
				en,
				Base,
			);
			mainGroup = 49EB9E1420AAC3BB002EABD6;
			productRefGroup = 49EB9E1E20AAC3BB002EABD6 /* Products */;
			projectDirPath = "";
			projectRoot = "";
			targets = (
				49EB9E1C20AAC3BB002EABD6 /* LZScanner */,
				49EB9E3420AAC3BC002EABD6 /* LZScannerTests */,
				49EB9E3F20AAC3BC002EABD6 /* LZScannerUITests */,
			);
		};
/* End PBXProject section */

/* Begin PBXResourcesBuildPhase section */
		49EB9E1B20AAC3BB002EABD6 /* Resources */ = {
			isa = PBXResourcesBuildPhase;
			buildActionMask = 2147483647;
			files = (
				49EB9E2D20AAC3BC002EABD6 /* LaunchScreen.storyboard in Resources */,
				49EB9E2A20AAC3BC002EABD6 /* Assets.xcassets in Resources */,
				49EB9E2820AAC3BB002EABD6 /* Main.storyboard in Resources */,
			);
			runOnlyForDeploymentPostprocessing = 0;
		};
		49EB9E3320AAC3BC002EABD6 /* Resources */ = {
			isa = PBXResourcesBuildPhase;
			buildActionMask = 2147483647;
			files = (
			);
			runOnlyForDeploymentPostprocessing = 0;
		};
		49EB9E3E20AAC3BC002EABD6 /* Resources */ = {
			isa = PBXResourcesBuildPhase;
			buildActionMask = 2147483647;
			files = (
			);
			runOnlyForDeploymentPostprocessing = 0;
		};
/* End PBXResourcesBuildPhase section */

/* Begin PBXSourcesBuildPhase section */
		49EB9E1920AAC3BB002EABD6 /* Sources */ = {
			isa = PBXSourcesBuildPhase;
			buildActionMask = 2147483647;
			files = (
				49EB9E2520AAC3BB002EABD6 /* ViewController.m in Sources */,
				49EB9E3020AAC3BC002EABD6 /* main.m in Sources */,
				49EB9E2220AAC3BB002EABD6 /* AppDelegate.m in Sources */,
				49EB9E5520AAC406002EABD6 /* CustomViewController.m in Sources */,
			);
			runOnlyForDeploymentPostprocessing = 0;
		};
		49EB9E3120AAC3BC002EABD6 /* Sources */ = {
			isa = PBXSourcesBuildPhase;
			buildActionMask = 2147483647;
			files = (
				49EB9E3A20AAC3BC002EABD6 /* LZScannerTests.m in Sources */,
			);
			runOnlyForDeploymentPostprocessing = 0;
		};
		49EB9E3C20AAC3BC002EABD6 /* Sources */ = {
			isa = PBXSourcesBuildPhase;
			buildActionMask = 2147483647;
			files = (
				49EB9E4520AAC3BC002EABD6 /* LZScannerUITests.m in Sources */,
			);
			runOnlyForDeploymentPostprocessing = 0;
		};
/* End PBXSourcesBuildPhase section */

/* Begin PBXTargetDependency section */
		49EB9E3720AAC3BC002EABD6 /* PBXTargetDependency */ = {
			isa = PBXTargetDependency;
			target = 49EB9E1C20AAC3BB002EABD6 /* LZScanner */;
			targetProxy = 49EB9E3620AAC3BC002EABD6 /* PBXContainerItemProxy */;
		};
		49EB9E4220AAC3BC002EABD6 /* PBXTargetDependency */ = {
			isa = PBXTargetDependency;
			target = 49EB9E1C20AAC3BB002EABD6 /* LZScanner */;
			targetProxy = 49EB9E4120AAC3BC002EABD6 /* PBXContainerItemProxy */;
		};
/* End PBXTargetDependency section */

/* Begin PBXVariantGroup section */
		49EB9E2620AAC3BB002EABD6 /* Main.storyboard */ = {
			isa = PBXVariantGroup;
			children = (
				49EB9E2720AAC3BB002EABD6 /* Base */,
			);
			name = Main.storyboard;
			sourceTree = "<group>";
		};
		49EB9E2B20AAC3BC002EABD6 /* LaunchScreen.storyboard */ = {
			isa = PBXVariantGroup;
			children = (
				49EB9E2C20AAC3BC002EABD6 /* Base */,
			);
			name = LaunchScreen.storyboard;
			sourceTree = "<group>";
		};
/* End PBXVariantGroup section */

/* Begin XCBuildConfiguration section */
		49EB9E4720AAC3BC002EABD6 /* Debug */ = {
			isa = XCBuildConfiguration;
			buildSettings = {
				ALWAYS_SEARCH_USER_PATHS = NO;
				CLANG_ANALYZER_NONNULL = YES;
				CLANG_ANALYZER_NUMBER_OBJECT_CONVERSION = YES_AGGRESSIVE;
				CLANG_CXX_LANGUAGE_STANDARD = "gnu++14";
				CLANG_CXX_LIBRARY = "libc++";
				CLANG_ENABLE_MODULES = YES;
				CLANG_ENABLE_OBJC_ARC = YES;
				CLANG_ENABLE_OBJC_WEAK = YES;
				CLANG_WARN_BLOCK_CAPTURE_AUTORELEASING = YES;
				CLANG_WARN_BOOL_CONVERSION = YES;
				CLANG_WARN_COMMA = YES;
				CLANG_WARN_CONSTANT_CONVERSION = YES;
				CLANG_WARN_DEPRECATED_OBJC_IMPLEMENTATIONS = YES;
				CLANG_WARN_DIRECT_OBJC_ISA_USAGE = YES_ERROR;
				CLANG_WARN_DOCUMENTATION_COMMENTS = YES;
				CLANG_WARN_EMPTY_BODY = YES;
				CLANG_WARN_ENUM_CONVERSION = YES;
				CLANG_WARN_INFINITE_RECURSION = YES;
				CLANG_WARN_INT_CONVERSION = YES;
				CLANG_WARN_NON_LITERAL_NULL_CONVERSION = YES;
				CLANG_WARN_OBJC_IMPLICIT_RETAIN_SELF = YES;
				CLANG_WARN_OBJC_LITERAL_CONVERSION = YES;
				CLANG_WARN_OBJC_ROOT_CLASS = YES_ERROR;
				CLANG_WARN_RANGE_LOOP_ANALYSIS = YES;
				CLANG_WARN_STRICT_PROTOTYPES = YES;
				CLANG_WARN_SUSPICIOUS_MOVE = YES;
				CLANG_WARN_UNGUARDED_AVAILABILITY = YES_AGGRESSIVE;
				CLANG_WARN_UNREACHABLE_CODE = YES;
				CLANG_WARN__DUPLICATE_METHOD_MATCH = YES;
				CODE_SIGN_IDENTITY = "iPhone Developer";
				COPY_PHASE_STRIP = NO;
				DEBUG_INFORMATION_FORMAT = dwarf;
				ENABLE_STRICT_OBJC_MSGSEND = YES;
				ENABLE_TESTABILITY = YES;
				GCC_C_LANGUAGE_STANDARD = gnu11;
				GCC_DYNAMIC_NO_PIC = NO;
				GCC_NO_COMMON_BLOCKS = YES;
				GCC_OPTIMIZATION_LEVEL = 0;
				GCC_PREPROCESSOR_DEFINITIONS = (
					"DEBUG=1",
					"$(inherited)",
				);
				GCC_WARN_64_TO_32_BIT_CONVERSION = YES;
				GCC_WARN_ABOUT_RETURN_TYPE = YES_ERROR;
				GCC_WARN_UNDECLARED_SELECTOR = YES;
				GCC_WARN_UNINITIALIZED_AUTOS = YES_AGGRESSIVE;
				GCC_WARN_UNUSED_FUNCTION = YES;
				GCC_WARN_UNUSED_VARIABLE = YES;
				IPHONEOS_DEPLOYMENT_TARGET = 11.3;
				MTL_ENABLE_DEBUG_INFO = YES;
				ONLY_ACTIVE_ARCH = YES;
				SDKROOT = iphoneos;
			};
			name = Debug;
		};
		49EB9E4820AAC3BC002EABD6 /* Release */ = {
			isa = XCBuildConfiguration;
			buildSettings = {
				ALWAYS_SEARCH_USER_PATHS = NO;
				CLANG_ANALYZER_NONNULL = YES;
				CLANG_ANALYZER_NUMBER_OBJECT_CONVERSION = YES_AGGRESSIVE;
				CLANG_CXX_LANGUAGE_STANDARD = "gnu++14";
				CLANG_CXX_LIBRARY = "libc++";
				CLANG_ENABLE_MODULES = YES;
				CLANG_ENABLE_OBJC_ARC = YES;
				CLANG_ENABLE_OBJC_WEAK = YES;
				CLANG_WARN_BLOCK_CAPTURE_AUTORELEASING = YES;
				CLANG_WARN_BOOL_CONVERSION = YES;
				CLANG_WARN_COMMA = YES;
				CLANG_WARN_CONSTANT_CONVERSION = YES;
				CLANG_WARN_DEPRECATED_OBJC_IMPLEMENTATIONS = YES;
				CLANG_WARN_DIRECT_OBJC_ISA_USAGE = YES_ERROR;
				CLANG_WARN_DOCUMENTATION_COMMENTS = YES;
				CLANG_WARN_EMPTY_BODY = YES;
				CLANG_WARN_ENUM_CONVERSION = YES;
				CLANG_WARN_INFINITE_RECURSION = YES;
				CLANG_WARN_INT_CONVERSION = YES;
				CLANG_WARN_NON_LITERAL_NULL_CONVERSION = YES;
				CLANG_WARN_OBJC_IMPLICIT_RETAIN_SELF = YES;
				CLANG_WARN_OBJC_LITERAL_CONVERSION = YES;
				CLANG_WARN_OBJC_ROOT_CLASS = YES_ERROR;
				CLANG_WARN_RANGE_LOOP_ANALYSIS = YES;
				CLANG_WARN_STRICT_PROTOTYPES = YES;
				CLANG_WARN_SUSPICIOUS_MOVE = YES;
				CLANG_WARN_UNGUARDED_AVAILABILITY = YES_AGGRESSIVE;
				CLANG_WARN_UNREACHABLE_CODE = YES;
				CLANG_WARN__DUPLICATE_METHOD_MATCH = YES;
				CODE_SIGN_IDENTITY = "iPhone Developer";
				COPY_PHASE_STRIP = NO;
				DEBUG_INFORMATION_FORMAT = "dwarf-with-dsym";
				ENABLE_NS_ASSERTIONS = NO;
				ENABLE_STRICT_OBJC_MSGSEND = YES;
				GCC_C_LANGUAGE_STANDARD = gnu11;
				GCC_NO_COMMON_BLOCKS = YES;
				GCC_WARN_64_TO_32_BIT_CONVERSION = YES;
				GCC_WARN_ABOUT_RETURN_TYPE = YES_ERROR;
				GCC_WARN_UNDECLARED_SELECTOR = YES;
				GCC_WARN_UNINITIALIZED_AUTOS = YES_AGGRESSIVE;
				GCC_WARN_UNUSED_FUNCTION = YES;
				GCC_WARN_UNUSED_VARIABLE = YES;
				IPHONEOS_DEPLOYMENT_TARGET = 11.3;
				MTL_ENABLE_DEBUG_INFO = NO;
				SDKROOT = iphoneos;
				VALIDATE_PRODUCT = YES;
			};
			name = Release;
		};
		49EB9E4A20AAC3BC002EABD6 /* Debug */ = {
			isa = XCBuildConfiguration;
			buildSettings = {
				ASSETCATALOG_COMPILER_APPICON_NAME = AppIcon;
				CODE_SIGN_STYLE = Automatic;
				INFOPLIST_FILE = LZScanner/Info.plist;
				LD_RUNPATH_SEARCH_PATHS = (
					"$(inherited)",
					"@executable_path/Frameworks",
				);
				PRODUCT_BUNDLE_IDENTIFIER = com.LZScanner;
				PRODUCT_NAME = "$(TARGET_NAME)";
				TARGETED_DEVICE_FAMILY = "1,2";
			};
			name = Debug;
		};
		49EB9E4B20AAC3BC002EABD6 /* Release */ = {
			isa = XCBuildConfiguration;
			buildSettings = {
				ASSETCATALOG_COMPILER_APPICON_NAME = AppIcon;
				CODE_SIGN_STYLE = Automatic;
				INFOPLIST_FILE = LZScanner/Info.plist;
				LD_RUNPATH_SEARCH_PATHS = (
					"$(inherited)",
					"@executable_path/Frameworks",
				);
				PRODUCT_BUNDLE_IDENTIFIER = com.LZScanner;
				PRODUCT_NAME = "$(TARGET_NAME)";
				TARGETED_DEVICE_FAMILY = "1,2";
			};
			name = Release;
		};
		49EB9E4D20AAC3BC002EABD6 /* Debug */ = {
			isa = XCBuildConfiguration;
			buildSettings = {
				BUNDLE_LOADER = "$(TEST_HOST)";
				CODE_SIGN_STYLE = Automatic;
				INFOPLIST_FILE = LZScannerTests/Info.plist;
				LD_RUNPATH_SEARCH_PATHS = (
					"$(inherited)",
					"@executable_path/Frameworks",
					"@loader_path/Frameworks",
				);
				PRODUCT_BUNDLE_IDENTIFIER = com.LZScannerTests;
				PRODUCT_NAME = "$(TARGET_NAME)";
				TARGETED_DEVICE_FAMILY = "1,2";
				TEST_HOST = "$(BUILT_PRODUCTS_DIR)/LZScanner.app/LZScanner";
			};
			name = Debug;
		};
		49EB9E4E20AAC3BC002EABD6 /* Release */ = {
			isa = XCBuildConfiguration;
			buildSettings = {
				BUNDLE_LOADER = "$(TEST_HOST)";
				CODE_SIGN_STYLE = Automatic;
				INFOPLIST_FILE = LZScannerTests/Info.plist;
				LD_RUNPATH_SEARCH_PATHS = (
					"$(inherited)",
					"@executable_path/Frameworks",
					"@loader_path/Frameworks",
				);
				PRODUCT_BUNDLE_IDENTIFIER = com.LZScannerTests;
				PRODUCT_NAME = "$(TARGET_NAME)";
				TARGETED_DEVICE_FAMILY = "1,2";
				TEST_HOST = "$(BUILT_PRODUCTS_DIR)/LZScanner.app/LZScanner";
			};
			name = Release;
		};
		49EB9E5020AAC3BC002EABD6 /* Debug */ = {
			isa = XCBuildConfiguration;
			buildSettings = {
				CODE_SIGN_STYLE = Automatic;
				INFOPLIST_FILE = LZScannerUITests/Info.plist;
				LD_RUNPATH_SEARCH_PATHS = (
					"$(inherited)",
					"@executable_path/Frameworks",
					"@loader_path/Frameworks",
				);
				PRODUCT_BUNDLE_IDENTIFIER = com.LZScannerUITests;
				PRODUCT_NAME = "$(TARGET_NAME)";
				TARGETED_DEVICE_FAMILY = "1,2";
				TEST_TARGET_NAME = LZScanner;
			};
			name = Debug;
		};
		49EB9E5120AAC3BC002EABD6 /* Release */ = {
			isa = XCBuildConfiguration;
			buildSettings = {
				CODE_SIGN_STYLE = Automatic;
				INFOPLIST_FILE = LZScannerUITests/Info.plist;
				LD_RUNPATH_SEARCH_PATHS = (
					"$(inherited)",
					"@executable_path/Frameworks",
					"@loader_path/Frameworks",
				);
				PRODUCT_BUNDLE_IDENTIFIER = com.LZScannerUITests;
				PRODUCT_NAME = "$(TARGET_NAME)";
				TARGETED_DEVICE_FAMILY = "1,2";
				TEST_TARGET_NAME = LZScanner;
			};
			name = Release;
		};
/* End XCBuildConfiguration section */

/* Begin XCConfigurationList section */
		49EB9E1820AAC3BB002EABD6 /* Build configuration list for PBXProject "LZScanner" */ = {
			isa = XCConfigurationList;
			buildConfigurations = (
				49EB9E4720AAC3BC002EABD6 /* Debug */,
				49EB9E4820AAC3BC002EABD6 /* Release */,
			);
			defaultConfigurationIsVisible = 0;
			defaultConfigurationName = Release;
		};
		49EB9E4920AAC3BC002EABD6 /* Build configuration list for PBXNativeTarget "LZScanner" */ = {
			isa = XCConfigurationList;
			buildConfigurations = (
				49EB9E4A20AAC3BC002EABD6 /* Debug */,
				49EB9E4B20AAC3BC002EABD6 /* Release */,
			);
			defaultConfigurationIsVisible = 0;
			defaultConfigurationName = Release;
		};
		49EB9E4C20AAC3BC002EABD6 /* Build configuration list for PBXNativeTarget "LZScannerTests" */ = {
			isa = XCConfigurationList;
			buildConfigurations = (
				49EB9E4D20AAC3BC002EABD6 /* Debug */,
				49EB9E4E20AAC3BC002EABD6 /* Release */,
			);
			defaultConfigurationIsVisible = 0;
			defaultConfigurationName = Release;
		};
		49EB9E4F20AAC3BC002EABD6 /* Build configuration list for PBXNativeTarget "LZScannerUITests" */ = {
			isa = XCConfigurationList;
			buildConfigurations = (
				49EB9E5020AAC3BC002EABD6 /* Debug */,
				49EB9E5120AAC3BC002EABD6 /* Release */,
			);
			defaultConfigurationIsVisible = 0;
			defaultConfigurationName = Release;
		};
/* End XCConfigurationList section */
	};
	rootObject = 49EB9E1520AAC3BB002EABD6 /* Project object */;
}
